// !$*UTF8*$!
{
	archiveVersion = 1;
	classes = {
	};
	objectVersion = 46;
	objects = {

/* Begin PBXBuildFile section */
		2B4ACE85187E2F1000AAF22D /* main.c in Sources */ = {isa = PBXBuildFile; fileRef = 2B4ACE84187E2F1000AAF22D /* main.c */; };
		2B4ACE87187E2F1000AAF22D /* report10.1 in CopyFiles */ = {isa = PBXBuildFile; fileRef = 2B4ACE86187E2F1000AAF22D /* report10.1 */; };
/* End PBXBuildFile section */

/* Begin PBXCopyFilesBuildPhase section */
		2B4ACE7F187E2F1000AAF22D /* CopyFiles */ = {
			isa = PBXCopyFilesBuildPhase;
			buildActionMask = 2147483647;
			dstPath = /usr/share/man/man1/;
			dstSubfolderSpec = 0;
			files = (
				2B4ACE87187E2F1000AAF22D /* report10.1 in CopyFiles */,
			);
			runOnlyForDeploymentPostprocessing = 1;
		};
/* End PBXCopyFilesBuildPhase section */

/* Begin PBXFileReference section */
		2B4ACE81187E2F1000AAF22D /* report10 */ = {isa = PBXFileReference; explicitFileType = "compiled.mach-o.executable"; includeInIndex = 0; path = report10; sourceTree = BUILT_PRODUCTS_DIR; };
		2B4ACE84187E2F1000AAF22D /* main.c */ = {isa = PBXFileReference; lastKnownFileType = sourcecode.c.c; path = main.c; sourceTree = "<group>"; };
		2B4ACE86187E2F1000AAF22D /* report10.1 */ = {isa = PBXFileReference; lastKnownFileType = text.man; path = report10.1; sourceTree = "<group>"; };
/* End PBXFileReference section */

/* Begin PBXFrameworksBuildPhase section */
		2B4ACE7E187E2F1000AAF22D /* Frameworks */ = {
			isa = PBXFrameworksBuildPhase;
			buildActionMask = 2147483647;
			files = (
			);
			runOnlyForDeploymentPostprocessing = 0;
		};
/* End PBXFrameworksBuildPhase section */

/* Begin PBXGroup section */
		2B4ACE78187E2F1000AAF22D = {
			isa = PBXGroup;
			children = (
				2B4ACE83187E2F1000AAF22D /* report10 */,
				2B4ACE82187E2F1000AAF22D /* Products */,
			);
			sourceTree = "<group>";
		};
		2B4ACE82187E2F1000AAF22D /* Products */ = {
			isa = PBXGroup;
			children = (
				2B4ACE81187E2F1000AAF22D /* report10 */,
			);
			name = Products;
			sourceTree = "<group>";
		};
		2B4ACE83187E2F1000AAF22D /* report10 */ = {
			isa = PBXGroup;
			children = (
				2B4ACE84187E2F1000AAF22D /* main.c */,
				2B4ACE86187E2F1000AAF22D /* report10.1 */,
			);
			path = report10;
			sourceTree = "<group>";
		};
/* End PBXGroup section */

/* Begin PBXNativeTarget section */
		2B4ACE80187E2F1000AAF22D /* report10 */ = {
			isa = PBXNativeTarget;
			buildConfigurationList = 2B4ACE8A187E2F1000AAF22D /* Build configuration list for PBXNativeTarget "report10" */;
			buildPhases = (
				2B4ACE7D187E2F1000AAF22D /* Sources */,
				2B4ACE7E187E2F1000AAF22D /* Frameworks */,
				2B4ACE7F187E2F1000AAF22D /* CopyFiles */,
			);
			buildRules = (
			);
			dependencies = (
			);
			name = report10;
			productName = report10;
			productReference = 2B4ACE81187E2F1000AAF22D /* report10 */;
			productType = "com.apple.product-type.tool";
		};
/* End PBXNativeTarget section */

/* Begin PBXProject section */
		2B4ACE79187E2F1000AAF22D /* Project object */ = {
			isa = PBXProject;
			attributes = {
				LastUpgradeCheck = 0460;
				ORGANIZATIONNAME = k13082kk;
			};
			buildConfigurationList = 2B4ACE7C187E2F1000AAF22D /* Build configuration list for PBXProject "report10" */;
			compatibilityVersion = "Xcode 3.2";
			developmentRegion = English;
			hasScannedForEncodings = 0;
			knownRegions = (
				en,
			);
			mainGroup = 2B4ACE78187E2F1000AAF22D;
			productRefGroup = 2B4ACE82187E2F1000AAF22D /* Products */;
			projectDirPath = "";
			projectRoot = "";
			targets = (
				2B4ACE80187E2F1000AAF22D /* report10 */,
			);
		};
/* End PBXProject section */

/* Begin PBXSourcesBuildPhase section */
		2B4ACE7D187E2F1000AAF22D /* Sources */ = {
			isa = PBXSourcesBuildPhase;
			buildActionMask = 2147483647;
			files = (
				2B4ACE85187E2F1000AAF22D /* main.c in Sources */,
			);
			runOnlyForDeploymentPostprocessing = 0;
		};
/* End PBXSourcesBuildPhase section */

/* Begin XCBuildConfiguration section */
		2B4ACE88187E2F1000AAF22D /* Debug */ = {
			isa = XCBuildConfiguration;
			buildSettings = {
				ALWAYS_SEARCH_USER_PATHS = NO;
				ARCHS = "$(ARCHS_STANDARD_64_BIT)";
				CLANG_CXX_LANGUAGE_STANDARD = "gnu++0x";
				CLANG_CXX_LIBRARY = "libc++";
				CLANG_WARN_CONSTANT_CONVERSION = YES;
				CLANG_WARN_EMPTY_BODY = YES;
				CLANG_WARN_ENUM_CONVERSION = YES;
				CLANG_WARN_INT_CONVERSION = YES;
				CLANG_WARN__DUPLICATE_METHOD_MATCH = YES;
				COPY_PHASE_STRIP = NO;
				GCC_C_LANGUAGE_STANDARD = gnu99;
				GCC_DYNAMIC_NO_PIC = NO;
				GCC_ENABLE_OBJC_EXCEPTIONS = YES;
				GCC_OPTIMIZATION_LEVEL = 0;
				GCC_PREPROCESSOR_DEFINITIONS = (
					"DEBUG=1",
					"$(inherited)",
				);
				GCC_SYMBOLS_PRIVATE_EXTERN = NO;
				GCC_WARN_64_TO_32_BIT_CONVERSION = YES;
				GCC_WARN_ABOUT_RETURN_TYPE = YES;
				GCC_WARN_UNINITIALIZED_AUTOS = YES;
				GCC_WARN_UNUSED_VARIABLE = YES;
				MACOSX_DEPLOYMENT_TARGET = 10.8;
				ONLY_ACTIVE_ARCH = YES;
				SDKROOT = macosx;
			};
			name = Debug;
		};
		2B4ACE89187E2F1000AAF22D /* Release */ = {
			isa = XCBuildConfiguration;
			buildSettings = {
				ALWAYS_SEARCH_USER_PATHS = NO;
				ARCHS = "$(ARCHS_STANDARD_64_BIT)";
				CLANG_CXX_LANGUAGE_STANDARD = "gnu++0x";
				CLANG_CXX_LIBRARY = "libc++";
				CLANG_WARN_CONSTANT_CONVERSION = YES;
				CLANG_WARN_EMPTY_BODY = YES;
				CLANG_WARN_ENUM_CONVERSION = YES;
				CLANG_WARN_INT_CONVERSION = YES;
				CLANG_WARN__DUPLICATE_METHOD_MATCH = YES;
				COPY_PHASE_STRIP = YES;
				DEBUG_INFORMATION_FORMAT = "dwarf-with-dsym";
				GCC_C_LANGUAGE_STANDARD = gnu99;
				GCC_ENABLE_OBJC_EXCEPTIONS = YES;
				GCC_WARN_64_TO_32_BIT_CONVERSION = YES;
				GCC_WARN_ABOUT_RETURN_TYPE = YES;
				GCC_WARN_UNINITIALIZED_AUTOS = YES;
				GCC_WARN_UNUSED_VARIABLE = YES;
				MACOSX_DEPLOYMENT_TARGET = 10.8;
				SDKROOT = macosx;
			};
			name = Release;
		};
		2B4ACE8B187E2F1000AAF22D /* Debug */ = {
			isa = XCBuildConfiguration;
			buildSettings = {
				PRODUCT_NAME = "$(TARGET_NAME)";
			};
			name = Debug;
		};
		2B4ACE8C187E2F1000AAF22D /* Release */ = {
			isa = XCBuildConfiguration;
			buildSettings = {
				PRODUCT_NAME = "$(TARGET_NAME)";
			};
			name = Release;
		};
/* End XCBuildConfiguration section */

/* Begin XCConfigurationList section */
		2B4ACE7C187E2F1000AAF22D /* Build configuration list for PBXProject "report10" */ = {
			isa = XCConfigurationList;
			buildConfigurations = (
				2B4ACE88187E2F1000AAF22D /* Debug */,
				2B4ACE89187E2F1000AAF22D /* Release */,
			);
			defaultConfigurationIsVisible = 0;
			defaultConfigurationName = Release;
		};
		2B4ACE8A187E2F1000AAF22D /* Build configuration list for PBXNativeTarget "report10" */ = {
			isa = XCConfigurationList;
			buildConfigurations = (
				2B4ACE8B187E2F1000AAF22D /* Debug */,
				2B4ACE8C187E2F1000AAF22D /* Release */,
			);
			defaultConfigurationIsVisible = 0;
		};
/* End XCConfigurationList section */
	};
	rootObject = 2B4ACE79187E2F1000AAF22D /* Project object */;
}
